// !$*UTF8*$!
{
	archiveVersion = 1;
	classes = {
	};
	objectVersion = 50;
	objects = {

/* Begin PBXBuildFile section */
		3C7AD252254FBC1900111E3C /* AppDelegate.swift in Sources */ = {isa = PBXBuildFile; fileRef = 3C7AD251254FBC1900111E3C /* AppDelegate.swift */; };
		3C7AD254254FBC1900111E3C /* SceneDelegate.swift in Sources */ = {isa = PBXBuildFile; fileRef = 3C7AD253254FBC1900111E3C /* SceneDelegate.swift */; };
		3C7AD256254FBC1900111E3C /* MainViewController.swift in Sources */ = {isa = PBXBuildFile; fileRef = 3C7AD255254FBC1900111E3C /* MainViewController.swift */; };
		3C7AD25B254FBC1900111E3C /* Assets.xcassets in Resources */ = {isa = PBXBuildFile; fileRef = 3C7AD25A254FBC1900111E3C /* Assets.xcassets */; };
		3C7AD25E254FBC1900111E3C /* LaunchScreen.storyboard in Resources */ = {isa = PBXBuildFile; fileRef = 3C7AD25C254FBC1900111E3C /* LaunchScreen.storyboard */; };
		3C7AD269254FBC1900111E3C /* STTExampleTests.swift in Sources */ = {isa = PBXBuildFile; fileRef = 3C7AD268254FBC1900111E3C /* STTExampleTests.swift */; };
		3C7AD274254FBC1A00111E3C /* STTExampleUITests.swift in Sources */ = {isa = PBXBuildFile; fileRef = 3C7AD273254FBC1A00111E3C /* STTExampleUITests.swift */; };
		3CF63DC4254FBF4800FCAE46 /* MainView.swift in Sources */ = {isa = PBXBuildFile; fileRef = 3CF63DC3254FBF4800FCAE46 /* MainView.swift */; };
/* End PBXBuildFile section */

/* Begin PBXContainerItemProxy section */
		3C7AD265254FBC1900111E3C /* PBXContainerItemProxy */ = {
			isa = PBXContainerItemProxy;
			containerPortal = 3C7AD246254FBC1900111E3C /* Project object */;
			proxyType = 1;
			remoteGlobalIDString = 3C7AD24D254FBC1900111E3C;
			remoteInfo = STTExample;
		};
		3C7AD270254FBC1A00111E3C /* PBXContainerItemProxy */ = {
			isa = PBXContainerItemProxy;
			containerPortal = 3C7AD246254FBC1900111E3C /* Project object */;
			proxyType = 1;
			remoteGlobalIDString = 3C7AD24D254FBC1900111E3C;
			remoteInfo = STTExample;
		};
/* End PBXContainerItemProxy section */

/* Begin PBXFileReference section */
		3C7AD24E254FBC1900111E3C /* STTExample.app */ = {isa = PBXFileReference; explicitFileType = wrapper.application; includeInIndex = 0; path = STTExample.app; sourceTree = BUILT_PRODUCTS_DIR; };
		3C7AD251254FBC1900111E3C /* AppDelegate.swift */ = {isa = PBXFileReference; lastKnownFileType = sourcecode.swift; path = AppDelegate.swift; sourceTree = "<group>"; };
		3C7AD253254FBC1900111E3C /* SceneDelegate.swift */ = {isa = PBXFileReference; lastKnownFileType = sourcecode.swift; path = SceneDelegate.swift; sourceTree = "<group>"; };
		3C7AD255254FBC1900111E3C /* MainViewController.swift */ = {isa = PBXFileReference; lastKnownFileType = sourcecode.swift; path = MainViewController.swift; sourceTree = "<group>"; };
		3C7AD25A254FBC1900111E3C /* Assets.xcassets */ = {isa = PBXFileReference; lastKnownFileType = folder.assetcatalog; path = Assets.xcassets; sourceTree = "<group>"; };
		3C7AD25D254FBC1900111E3C /* Base */ = {isa = PBXFileReference; lastKnownFileType = file.storyboard; name = Base; path = Base.lproj/LaunchScreen.storyboard; sourceTree = "<group>"; };
		3C7AD25F254FBC1900111E3C /* Info.plist */ = {isa = PBXFileReference; lastKnownFileType = text.plist.xml; path = Info.plist; sourceTree = "<group>"; };
		3C7AD264254FBC1900111E3C /* STTExampleTests.xctest */ = {isa = PBXFileReference; explicitFileType = wrapper.cfbundle; includeInIndex = 0; path = STTExampleTests.xctest; sourceTree = BUILT_PRODUCTS_DIR; };
		3C7AD268254FBC1900111E3C /* STTExampleTests.swift */ = {isa = PBXFileReference; lastKnownFileType = sourcecode.swift; path = STTExampleTests.swift; sourceTree = "<group>"; };
		3C7AD26A254FBC1900111E3C /* Info.plist */ = {isa = PBXFileReference; lastKnownFileType = text.plist.xml; path = Info.plist; sourceTree = "<group>"; };
		3C7AD26F254FBC1A00111E3C /* STTExampleUITests.xctest */ = {isa = PBXFileReference; explicitFileType = wrapper.cfbundle; includeInIndex = 0; path = STTExampleUITests.xctest; sourceTree = BUILT_PRODUCTS_DIR; };
		3C7AD273254FBC1A00111E3C /* STTExampleUITests.swift */ = {isa = PBXFileReference; lastKnownFileType = sourcecode.swift; path = STTExampleUITests.swift; sourceTree = "<group>"; };
		3C7AD275254FBC1A00111E3C /* Info.plist */ = {isa = PBXFileReference; lastKnownFileType = text.plist.xml; path = Info.plist; sourceTree = "<group>"; };
		3CF63DC3254FBF4800FCAE46 /* MainView.swift */ = {isa = PBXFileReference; lastKnownFileType = sourcecode.swift; path = MainView.swift; sourceTree = "<group>"; };
/* End PBXFileReference section */

/* Begin PBXFrameworksBuildPhase section */
		3C7AD24B254FBC1900111E3C /* Frameworks */ = {
			isa = PBXFrameworksBuildPhase;
			buildActionMask = 2147483647;
			files = (
			);
			runOnlyForDeploymentPostprocessing = 0;
		};
		3C7AD261254FBC1900111E3C /* Frameworks */ = {
			isa = PBXFrameworksBuildPhase;
			buildActionMask = 2147483647;
			files = (
			);
			runOnlyForDeploymentPostprocessing = 0;
		};
		3C7AD26C254FBC1A00111E3C /* Frameworks */ = {
			isa = PBXFrameworksBuildPhase;
			buildActionMask = 2147483647;
			files = (
			);
			runOnlyForDeploymentPostprocessing = 0;
		};
/* End PBXFrameworksBuildPhase section */

/* Begin PBXGroup section */
		3C7AD245254FBC1900111E3C = {
			isa = PBXGroup;
			children = (
				3C7AD250254FBC1900111E3C /* STTExample */,
				3C7AD267254FBC1900111E3C /* STTExampleTests */,
				3C7AD272254FBC1A00111E3C /* STTExampleUITests */,
				3C7AD24F254FBC1900111E3C /* Products */,
			);
			sourceTree = "<group>";
		};
		3C7AD24F254FBC1900111E3C /* Products */ = {
			isa = PBXGroup;
			children = (
				3C7AD24E254FBC1900111E3C /* STTExample.app */,
				3C7AD264254FBC1900111E3C /* STTExampleTests.xctest */,
				3C7AD26F254FBC1A00111E3C /* STTExampleUITests.xctest */,
			);
			name = Products;
			sourceTree = "<group>";
		};
		3C7AD250254FBC1900111E3C /* STTExample */ = {
			isa = PBXGroup;
			children = (
				3C7AD251254FBC1900111E3C /* AppDelegate.swift */,
				3C7AD253254FBC1900111E3C /* SceneDelegate.swift */,
				3C7AD255254FBC1900111E3C /* MainViewController.swift */,
				3CF63DC3254FBF4800FCAE46 /* MainView.swift */,
				3C7AD25A254FBC1900111E3C /* Assets.xcassets */,
				3C7AD25C254FBC1900111E3C /* LaunchScreen.storyboard */,
				3C7AD25F254FBC1900111E3C /* Info.plist */,
			);
			path = STTExample;
			sourceTree = "<group>";
		};
		3C7AD267254FBC1900111E3C /* STTExampleTests */ = {
			isa = PBXGroup;
			children = (
				3C7AD268254FBC1900111E3C /* STTExampleTests.swift */,
				3C7AD26A254FBC1900111E3C /* Info.plist */,
			);
			path = STTExampleTests;
			sourceTree = "<group>";
		};
		3C7AD272254FBC1A00111E3C /* STTExampleUITests */ = {
			isa = PBXGroup;
			children = (
				3C7AD273254FBC1A00111E3C /* STTExampleUITests.swift */,
				3C7AD275254FBC1A00111E3C /* Info.plist */,
			);
			path = STTExampleUITests;
			sourceTree = "<group>";
		};
/* End PBXGroup section */

/* Begin PBXNativeTarget section */
		3C7AD24D254FBC1900111E3C /* STTExample */ = {
			isa = PBXNativeTarget;
			buildConfigurationList = 3C7AD278254FBC1A00111E3C /* Build configuration list for PBXNativeTarget "STTExample" */;
			buildPhases = (
				3C7AD24A254FBC1900111E3C /* Sources */,
				3C7AD24B254FBC1900111E3C /* Frameworks */,
				3C7AD24C254FBC1900111E3C /* Resources */,
			);
			buildRules = (
			);
			dependencies = (
			);
			name = STTExample;
			productName = STTExample;
			productReference = 3C7AD24E254FBC1900111E3C /* STTExample.app */;
			productType = "com.apple.product-type.application";
		};
		3C7AD263254FBC1900111E3C /* STTExampleTests */ = {
			isa = PBXNativeTarget;
			buildConfigurationList = 3C7AD27B254FBC1A00111E3C /* Build configuration list for PBXNativeTarget "STTExampleTests" */;
			buildPhases = (
				3C7AD260254FBC1900111E3C /* Sources */,
				3C7AD261254FBC1900111E3C /* Frameworks */,
				3C7AD262254FBC1900111E3C /* Resources */,
			);
			buildRules = (
			);
			dependencies = (
				3C7AD266254FBC1900111E3C /* PBXTargetDependency */,
			);
			name = STTExampleTests;
			productName = STTExampleTests;
			productReference = 3C7AD264254FBC1900111E3C /* STTExampleTests.xctest */;
			productType = "com.apple.product-type.bundle.unit-test";
		};
		3C7AD26E254FBC1A00111E3C /* STTExampleUITests */ = {
			isa = PBXNativeTarget;
			buildConfigurationList = 3C7AD27E254FBC1A00111E3C /* Build configuration list for PBXNativeTarget "STTExampleUITests" */;
			buildPhases = (
				3C7AD26B254FBC1A00111E3C /* Sources */,
				3C7AD26C254FBC1A00111E3C /* Frameworks */,
				3C7AD26D254FBC1A00111E3C /* Resources */,
			);
			buildRules = (
			);
			dependencies = (
				3C7AD271254FBC1A00111E3C /* PBXTargetDependency */,
			);
			name = STTExampleUITests;
			productName = STTExampleUITests;
			productReference = 3C7AD26F254FBC1A00111E3C /* STTExampleUITests.xctest */;
			productType = "com.apple.product-type.bundle.ui-testing";
		};
/* End PBXNativeTarget section */

/* Begin PBXProject section */
		3C7AD246254FBC1900111E3C /* Project object */ = {
			isa = PBXProject;
			attributes = {
				LastSwiftUpdateCheck = 1210;
				LastUpgradeCheck = 1210;
				TargetAttributes = {
					3C7AD24D254FBC1900111E3C = {
						CreatedOnToolsVersion = 12.1;
					};
					3C7AD263254FBC1900111E3C = {
						CreatedOnToolsVersion = 12.1;
						TestTargetID = 3C7AD24D254FBC1900111E3C;
					};
					3C7AD26E254FBC1A00111E3C = {
						CreatedOnToolsVersion = 12.1;
						TestTargetID = 3C7AD24D254FBC1900111E3C;
					};
				};
			};
			buildConfigurationList = 3C7AD249254FBC1900111E3C /* Build configuration list for PBXProject "STTExample" */;
			compatibilityVersion = "Xcode 9.3";
			developmentRegion = en;
			hasScannedForEncodings = 0;
			knownRegions = (
				en,
				Base,
			);
			mainGroup = 3C7AD245254FBC1900111E3C;
			productRefGroup = 3C7AD24F254FBC1900111E3C /* Products */;
			projectDirPath = "";
			projectRoot = "";
			targets = (
				3C7AD24D254FBC1900111E3C /* STTExample */,
				3C7AD263254FBC1900111E3C /* STTExampleTests */,
				3C7AD26E254FBC1A00111E3C /* STTExampleUITests */,
			);
		};
/* End PBXProject section */

/* Begin PBXResourcesBuildPhase section */
		3C7AD24C254FBC1900111E3C /* Resources */ = {
			isa = PBXResourcesBuildPhase;
			buildActionMask = 2147483647;
			files = (
				3C7AD25E254FBC1900111E3C /* LaunchScreen.storyboard in Resources */,
				3C7AD25B254FBC1900111E3C /* Assets.xcassets in Resources */,
			);
			runOnlyForDeploymentPostprocessing = 0;
		};
		3C7AD262254FBC1900111E3C /* Resources */ = {
			isa = PBXResourcesBuildPhase;
			buildActionMask = 2147483647;
			files = (
			);
			runOnlyForDeploymentPostprocessing = 0;
		};
		3C7AD26D254FBC1A00111E3C /* Resources */ = {
			isa = PBXResourcesBuildPhase;
			buildActionMask = 2147483647;
			files = (
			);
			runOnlyForDeploymentPostprocessing = 0;
		};
/* End PBXResourcesBuildPhase section */

/* Begin PBXSourcesBuildPhase section */
		3C7AD24A254FBC1900111E3C /* Sources */ = {
			isa = PBXSourcesBuildPhase;
			buildActionMask = 2147483647;
			files = (
				3C7AD256254FBC1900111E3C /* MainViewController.swift in Sources */,
				3CF63DC4254FBF4800FCAE46 /* MainView.swift in Sources */,
				3C7AD252254FBC1900111E3C /* AppDelegate.swift in Sources */,
				3C7AD254254FBC1900111E3C /* SceneDelegate.swift in Sources */,
			);
			runOnlyForDeploymentPostprocessing = 0;
		};
		3C7AD260254FBC1900111E3C /* Sources */ = {
			isa = PBXSourcesBuildPhase;
			buildActionMask = 2147483647;
			files = (
				3C7AD269254FBC1900111E3C /* STTExampleTests.swift in Sources */,
			);
			runOnlyForDeploymentPostprocessing = 0;
		};
		3C7AD26B254FBC1A00111E3C /* Sources */ = {
			isa = PBXSourcesBuildPhase;
			buildActionMask = 2147483647;
			files = (
				3C7AD274254FBC1A00111E3C /* STTExampleUITests.swift in Sources */,
			);
			runOnlyForDeploymentPostprocessing = 0;
		};
/* End PBXSourcesBuildPhase section */

/* Begin PBXTargetDependency section */
		3C7AD266254FBC1900111E3C /* PBXTargetDependency */ = {
			isa = PBXTargetDependency;
			target = 3C7AD24D254FBC1900111E3C /* STTExample */;
			targetProxy = 3C7AD265254FBC1900111E3C /* PBXContainerItemProxy */;
		};
		3C7AD271254FBC1A00111E3C /* PBXTargetDependency */ = {
			isa = PBXTargetDependency;
			target = 3C7AD24D254FBC1900111E3C /* STTExample */;
			targetProxy = 3C7AD270254FBC1A00111E3C /* PBXContainerItemProxy */;
		};
/* End PBXTargetDependency section */

/* Begin PBXVariantGroup section */
		3C7AD25C254FBC1900111E3C /* LaunchScreen.storyboard */ = {
			isa = PBXVariantGroup;
			children = (
				3C7AD25D254FBC1900111E3C /* Base */,
			);
			name = LaunchScreen.storyboard;
			sourceTree = "<group>";
		};
/* End PBXVariantGroup section */

/* Begin XCBuildConfiguration section */
		3C7AD276254FBC1A00111E3C /* Debug */ = {
			isa = XCBuildConfiguration;
			buildSettings = {
				ALWAYS_SEARCH_USER_PATHS = NO;
				CLANG_ANALYZER_NONNULL = YES;
				CLANG_ANALYZER_NUMBER_OBJECT_CONVERSION = YES_AGGRESSIVE;
				CLANG_CXX_LANGUAGE_STANDARD = "gnu++14";
				CLANG_CXX_LIBRARY = "libc++";
				CLANG_ENABLE_MODULES = YES;
				CLANG_ENABLE_OBJC_ARC = YES;
				CLANG_ENABLE_OBJC_WEAK = YES;
				CLANG_WARN_BLOCK_CAPTURE_AUTORELEASING = YES;
				CLANG_WARN_BOOL_CONVERSION = YES;
				CLANG_WARN_COMMA = YES;
				CLANG_WARN_CONSTANT_CONVERSION = YES;
				CLANG_WARN_DEPRECATED_OBJC_IMPLEMENTATIONS = YES;
				CLANG_WARN_DIRECT_OBJC_ISA_USAGE = YES_ERROR;
				CLANG_WARN_DOCUMENTATION_COMMENTS = YES;
				CLANG_WARN_EMPTY_BODY = YES;
				CLANG_WARN_ENUM_CONVERSION = YES;
				CLANG_WARN_INFINITE_RECURSION = YES;
				CLANG_WARN_INT_CONVERSION = YES;
				CLANG_WARN_NON_LITERAL_NULL_CONVERSION = YES;
				CLANG_WARN_OBJC_IMPLICIT_RETAIN_SELF = YES;
				CLANG_WARN_OBJC_LITERAL_CONVERSION = YES;
				CLANG_WARN_OBJC_ROOT_CLASS = YES_ERROR;
				CLANG_WARN_QUOTED_INCLUDE_IN_FRAMEWORK_HEADER = YES;
				CLANG_WARN_RANGE_LOOP_ANALYSIS = YES;
				CLANG_WARN_STRICT_PROTOTYPES = YES;
				CLANG_WARN_SUSPICIOUS_MOVE = YES;
				CLANG_WARN_UNGUARDED_AVAILABILITY = YES_AGGRESSIVE;
				CLANG_WARN_UNREACHABLE_CODE = YES;
				CLANG_WARN__DUPLICATE_METHOD_MATCH = YES;
				COPY_PHASE_STRIP = NO;
				DEBUG_INFORMATION_FORMAT = dwarf;
				ENABLE_STRICT_OBJC_MSGSEND = YES;
				ENABLE_TESTABILITY = YES;
				GCC_C_LANGUAGE_STANDARD = gnu11;
				GCC_DYNAMIC_NO_PIC = NO;
				GCC_NO_COMMON_BLOCKS = YES;
				GCC_OPTIMIZATION_LEVEL = 0;
				GCC_PREPROCESSOR_DEFINITIONS = (
					"DEBUG=1",
					"$(inherited)",
				);
				GCC_WARN_64_TO_32_BIT_CONVERSION = YES;
				GCC_WARN_ABOUT_RETURN_TYPE = YES_ERROR;
				GCC_WARN_UNDECLARED_SELECTOR = YES;
				GCC_WARN_UNINITIALIZED_AUTOS = YES_AGGRESSIVE;
				GCC_WARN_UNUSED_FUNCTION = YES;
				GCC_WARN_UNUSED_VARIABLE = YES;
				IPHONEOS_DEPLOYMENT_TARGET = 14.1;
				MTL_ENABLE_DEBUG_INFO = INCLUDE_SOURCE;
				MTL_FAST_MATH = YES;
				ONLY_ACTIVE_ARCH = YES;
				SDKROOT = iphoneos;
				SWIFT_ACTIVE_COMPILATION_CONDITIONS = DEBUG;
				SWIFT_OPTIMIZATION_LEVEL = "-Onone";
			};
			name = Debug;
		};
		3C7AD277254FBC1A00111E3C /* Release */ = {
			isa = XCBuildConfiguration;
			buildSettings = {
				ALWAYS_SEARCH_USER_PATHS = NO;
				CLANG_ANALYZER_NONNULL = YES;
				CLANG_ANALYZER_NUMBER_OBJECT_CONVERSION = YES_AGGRESSIVE;
				CLANG_CXX_LANGUAGE_STANDARD = "gnu++14";
				CLANG_CXX_LIBRARY = "libc++";
				CLANG_ENABLE_MODULES = YES;
				CLANG_ENABLE_OBJC_ARC = YES;
				CLANG_ENABLE_OBJC_WEAK = YES;
				CLANG_WARN_BLOCK_CAPTURE_AUTORELEASING = YES;
				CLANG_WARN_BOOL_CONVERSION = YES;
				CLANG_WARN_COMMA = YES;
				CLANG_WARN_CONSTANT_CONVERSION = YES;
				CLANG_WARN_DEPRECATED_OBJC_IMPLEMENTATIONS = YES;
				CLANG_WARN_DIRECT_OBJC_ISA_USAGE = YES_ERROR;
				CLANG_WARN_DOCUMENTATION_COMMENTS = YES;
				CLANG_WARN_EMPTY_BODY = YES;
				CLANG_WARN_ENUM_CONVERSION = YES;
				CLANG_WARN_INFINITE_RECURSION = YES;
				CLANG_WARN_INT_CONVERSION = YES;
				CLANG_WARN_NON_LITERAL_NULL_CONVERSION = YES;
				CLANG_WARN_OBJC_IMPLICIT_RETAIN_SELF = YES;
				CLANG_WARN_OBJC_LITERAL_CONVERSION = YES;
				CLANG_WARN_OBJC_ROOT_CLASS = YES_ERROR;
				CLANG_WARN_QUOTED_INCLUDE_IN_FRAMEWORK_HEADER = YES;
				CLANG_WARN_RANGE_LOOP_ANALYSIS = YES;
				CLANG_WARN_STRICT_PROTOTYPES = YES;
				CLANG_WARN_SUSPICIOUS_MOVE = YES;
				CLANG_WARN_UNGUARDED_AVAILABILITY = YES_AGGRESSIVE;
				CLANG_WARN_UNREACHABLE_CODE = YES;
				CLANG_WARN__DUPLICATE_METHOD_MATCH = YES;
				COPY_PHASE_STRIP = NO;
				DEBUG_INFORMATION_FORMAT = "dwarf-with-dsym";
				ENABLE_NS_ASSERTIONS = NO;
				ENABLE_STRICT_OBJC_MSGSEND = YES;
				GCC_C_LANGUAGE_STANDARD = gnu11;
				GCC_NO_COMMON_BLOCKS = YES;
				GCC_WARN_64_TO_32_BIT_CONVERSION = YES;
				GCC_WARN_ABOUT_RETURN_TYPE = YES_ERROR;
				GCC_WARN_UNDECLARED_SELECTOR = YES;
				GCC_WARN_UNINITIALIZED_AUTOS = YES_AGGRESSIVE;
				GCC_WARN_UNUSED_FUNCTION = YES;
				GCC_WARN_UNUSED_VARIABLE = YES;
				IPHONEOS_DEPLOYMENT_TARGET = 14.1;
				MTL_ENABLE_DEBUG_INFO = NO;
				MTL_FAST_MATH = YES;
				SDKROOT = iphoneos;
				SWIFT_COMPILATION_MODE = wholemodule;
				SWIFT_OPTIMIZATION_LEVEL = "-O";
				VALIDATE_PRODUCT = YES;
			};
			name = Release;
		};
		3C7AD279254FBC1A00111E3C /* Debug */ = {
			isa = XCBuildConfiguration;
			buildSettings = {
				ASSETCATALOG_COMPILER_APPICON_NAME = AppIcon;
				ASSETCATALOG_COMPILER_GLOBAL_ACCENT_COLOR_NAME = AccentColor;
				CODE_SIGN_STYLE = Automatic;
				DEVELOPMENT_TEAM = YQQ2MD9SF7;
				INFOPLIST_FILE = STTExample/Info.plist;
				LD_RUNPATH_SEARCH_PATHS = (
					"$(inherited)",
					"@executable_path/Frameworks",
				);
				PRODUCT_BUNDLE_IDENTIFIER = com.devvenusk.STTExample;
				PRODUCT_NAME = "$(TARGET_NAME)";
				SWIFT_VERSION = 5.0;
				TARGETED_DEVICE_FAMILY = "1,2";
			};
			name = Debug;
		};
		3C7AD27A254FBC1A00111E3C /* Release */ = {
			isa = XCBuildConfiguration;
			buildSettings = {
				ASSETCATALOG_COMPILER_APPICON_NAME = AppIcon;
				ASSETCATALOG_COMPILER_GLOBAL_ACCENT_COLOR_NAME = AccentColor;
				CODE_SIGN_STYLE = Automatic;
				DEVELOPMENT_TEAM = YQQ2MD9SF7;
				INFOPLIST_FILE = STTExample/Info.plist;
				LD_RUNPATH_SEARCH_PATHS = (
					"$(inherited)",
					"@executable_path/Frameworks",
				);
				PRODUCT_BUNDLE_IDENTIFIER = com.devvenusk.STTExample;
				PRODUCT_NAME = "$(TARGET_NAME)";
				SWIFT_VERSION = 5.0;
				TARGETED_DEVICE_FAMILY = "1,2";
			};
			name = Release;
		};
		3C7AD27C254FBC1A00111E3C /* Debug */ = {
			isa = XCBuildConfiguration;
			buildSettings = {
				ALWAYS_EMBED_SWIFT_STANDARD_LIBRARIES = YES;
				BUNDLE_LOADER = "$(TEST_HOST)";
				CODE_SIGN_STYLE = Automatic;
				DEVELOPMENT_TEAM = YQQ2MD9SF7;
				INFOPLIST_FILE = STTExampleTests/Info.plist;
				IPHONEOS_DEPLOYMENT_TARGET = 14.1;
				LD_RUNPATH_SEARCH_PATHS = (
					"$(inherited)",
					"@executable_path/Frameworks",
					"@loader_path/Frameworks",
				);
				PRODUCT_BUNDLE_IDENTIFIER = com.devvenusk.STTExampleTests;
				PRODUCT_NAME = "$(TARGET_NAME)";
				SWIFT_VERSION = 5.0;
				TARGETED_DEVICE_FAMILY = "1,2";
				TEST_HOST = "$(BUILT_PRODUCTS_DIR)/STTExample.app/STTExample";
			};
			name = Debug;
		};
		3C7AD27D254FBC1A00111E3C /* Release */ = {
			isa = XCBuildConfiguration;
			buildSettings = {
				ALWAYS_EMBED_SWIFT_STANDARD_LIBRARIES = YES;
				BUNDLE_LOADER = "$(TEST_HOST)";
				CODE_SIGN_STYLE = Automatic;
				DEVELOPMENT_TEAM = YQQ2MD9SF7;
				INFOPLIST_FILE = STTExampleTests/Info.plist;
				IPHONEOS_DEPLOYMENT_TARGET = 14.1;
				LD_RUNPATH_SEARCH_PATHS = (
					"$(inherited)",
					"@executable_path/Frameworks",
					"@loader_path/Frameworks",
				);
				PRODUCT_BUNDLE_IDENTIFIER = com.devvenusk.STTExampleTests;
				PRODUCT_NAME = "$(TARGET_NAME)";
				SWIFT_VERSION = 5.0;
				TARGETED_DEVICE_FAMILY = "1,2";
				TEST_HOST = "$(BUILT_PRODUCTS_DIR)/STTExample.app/STTExample";
			};
			name = Release;
		};
		3C7AD27F254FBC1A00111E3C /* Debug */ = {
			isa = XCBuildConfiguration;
			buildSettings = {
				ALWAYS_EMBED_SWIFT_STANDARD_LIBRARIES = YES;
				CODE_SIGN_STYLE = Automatic;
				DEVELOPMENT_TEAM = YQQ2MD9SF7;
				INFOPLIST_FILE = STTExampleUITests/Info.plist;
				LD_RUNPATH_SEARCH_PATHS = (
					"$(inherited)",
					"@executable_path/Frameworks",
					"@loader_path/Frameworks",
				);
				PRODUCT_BUNDLE_IDENTIFIER = com.devvenusk.STTExampleUITests;
				PRODUCT_NAME = "$(TARGET_NAME)";
				SWIFT_VERSION = 5.0;
				TARGETED_DEVICE_FAMILY = "1,2";
				TEST_TARGET_NAME = STTExample;
			};
			name = Debug;
		};
		3C7AD280254FBC1A00111E3C /* Release */ = {
			isa = XCBuildConfiguration;
			buildSettings = {
				ALWAYS_EMBED_SWIFT_STANDARD_LIBRARIES = YES;
				CODE_SIGN_STYLE = Automatic;
				DEVELOPMENT_TEAM = YQQ2MD9SF7;
				INFOPLIST_FILE = STTExampleUITests/Info.plist;
				LD_RUNPATH_SEARCH_PATHS = (
					"$(inherited)",
					"@executable_path/Frameworks",
					"@loader_path/Frameworks",
				);
				PRODUCT_BUNDLE_IDENTIFIER = com.devvenusk.STTExampleUITests;
				PRODUCT_NAME = "$(TARGET_NAME)";
				SWIFT_VERSION = 5.0;
				TARGETED_DEVICE_FAMILY = "1,2";
				TEST_TARGET_NAME = STTExample;
			};
			name = Release;
		};
/* End XCBuildConfiguration section */

/* Begin XCConfigurationList section */
		3C7AD249254FBC1900111E3C /* Build configuration list for PBXProject "STTExample" */ = {
			isa = XCConfigurationList;
			buildConfigurations = (
				3C7AD276254FBC1A00111E3C /* Debug */,
				3C7AD277254FBC1A00111E3C /* Release */,
			);
			defaultConfigurationIsVisible = 0;
			defaultConfigurationName = Release;
		};
		3C7AD278254FBC1A00111E3C /* Build configuration list for PBXNativeTarget "STTExample" */ = {
			isa = XCConfigurationList;
			buildConfigurations = (
				3C7AD279254FBC1A00111E3C /* Debug */,
				3C7AD27A254FBC1A00111E3C /* Release */,
			);
			defaultConfigurationIsVisible = 0;
			defaultConfigurationName = Release;
		};
		3C7AD27B254FBC1A00111E3C /* Build configuration list for PBXNativeTarget "STTExampleTests" */ = {
			isa = XCConfigurationList;
			buildConfigurations = (
				3C7AD27C254FBC1A00111E3C /* Debug */,
				3C7AD27D254FBC1A00111E3C /* Release */,
			);
			defaultConfigurationIsVisible = 0;
			defaultConfigurationName = Release;
		};
		3C7AD27E254FBC1A00111E3C /* Build configuration list for PBXNativeTarget "STTExampleUITests" */ = {
			isa = XCConfigurationList;
			buildConfigurations = (
				3C7AD27F254FBC1A00111E3C /* Debug */,
				3C7AD280254FBC1A00111E3C /* Release */,
			);
			defaultConfigurationIsVisible = 0;
			defaultConfigurationName = Release;
		};
/* End XCConfigurationList section */
	};
	rootObject = 3C7AD246254FBC1900111E3C /* Project object */;
}
